
Microsoft Visual Studio Solution File, Format Version 12.00
# Visual Studio 15
VisualStudioVersion = 15.0.28307.705
MinimumVisualStudioVersion = 10.0.40219.1
Project("{FAE04EC0-301F-11D3-BF4B-00C04F79EFBC}") = "UTF8Converter", "UTF8Converter\UTF8Converter.csproj", "{46F880F3-8DD5-4D76-99C1-EB6CBD1ACA43}"
EndProject
Global
	GlobalSection(SolutionConfigurationPlatforms) = preSolution
		Debug|Any CPU = Debug|Any CPU
		Release|Any CPU = Release|Any CPU
	EndGlobalSection
	GlobalSection(ProjectConfigurationPlatforms) = postSolution
		{46F880F3-8DD5-4D76-99C1-EB6CBD1ACA43}.Debug|Any CPU.ActiveCfg = Debug|Any CPU
		{46F880F3-8DD5-4D76-99C1-EB6CBD1ACA43}.Debug|Any CPU.Build.0 = Debug|Any CPU
		{46F880F3-8DD5-4D76-99C1-EB6CBD1ACA43}.Release|Any CPU.ActiveCfg = Release|Any CPU
		{46F880F3-8DD5-4D76-99C1-EB6CBD1ACA43}.Release|Any CPU.Build.0 = Release|Any CPU
	EndGlobalSection
	GlobalSection(SolutionProperties) = preSolution
		HideSolutionNode = FALSE
	EndGlobalSection
	GlobalSection(ExtensibilityGlobals) = postSolution
		SolutionGuid = {E7A9C62F-05DA-4896-B5A1-63D71D13C53D}
	EndGlobalSection
EndGlobal
